// !$*UTF8*$!
{
	archiveVersion = 1;
	classes = {
	};
	objectVersion = 46;
	objects = {

/* Begin PBXBuildFile section */
		112E9C4A1E4A1BBF00F075DE /* AppDelegate.swift in Sources */ = {isa = PBXBuildFile; fileRef = 112E9C491E4A1BBF00F075DE /* AppDelegate.swift */; };
		112E9C4C1E4A1BBF00F075DE /* ViewController.swift in Sources */ = {isa = PBXBuildFile; fileRef = 112E9C4B1E4A1BBF00F075DE /* ViewController.swift */; };
		112E9C4F1E4A1BC000F075DE /* Main.storyboard in Resources */ = {isa = PBXBuildFile; fileRef = 112E9C4D1E4A1BC000F075DE /* Main.storyboard */; };
		112E9C511E4A1BC000F075DE /* Assets.xcassets in Resources */ = {isa = PBXBuildFile; fileRef = 112E9C501E4A1BC000F075DE /* Assets.xcassets */; };
		112E9C541E4A1BC000F075DE /* LaunchScreen.storyboard in Resources */ = {isa = PBXBuildFile; fileRef = 112E9C521E4A1BC000F075DE /* LaunchScreen.storyboard */; };
		112E9C5C1E4A37A300F075DE /* CalcularViewController.swift in Sources */ = {isa = PBXBuildFile; fileRef = 112E9C5B1E4A37A300F075DE /* CalcularViewController.swift */; };
		112E9C5E1E4A37ED00F075DE /* AvanceViewController.swift in Sources */ = {isa = PBXBuildFile; fileRef = 112E9C5D1E4A37ED00F075DE /* AvanceViewController.swift */; };
/* End PBXBuildFile section */

/* Begin PBXFileReference section */
		112E9C461E4A1BBD00F075DE /* Tarea02.app */ = {isa = PBXFileReference; explicitFileType = wrapper.application; includeInIndex = 0; path = Tarea02.app; sourceTree = BUILT_PRODUCTS_DIR; };
		112E9C491E4A1BBF00F075DE /* AppDelegate.swift */ = {isa = PBXFileReference; lastKnownFileType = sourcecode.swift; path = AppDelegate.swift; sourceTree = "<group>"; };
		112E9C4B1E4A1BBF00F075DE /* ViewController.swift */ = {isa = PBXFileReference; lastKnownFileType = sourcecode.swift; path = ViewController.swift; sourceTree = "<group>"; };
		112E9C4E1E4A1BC000F075DE /* Base */ = {isa = PBXFileReference; lastKnownFileType = file.storyboard; name = Base; path = Base.lproj/Main.storyboard; sourceTree = "<group>"; };
		112E9C501E4A1BC000F075DE /* Assets.xcassets */ = {isa = PBXFileReference; lastKnownFileType = folder.assetcatalog; path = Assets.xcassets; sourceTree = "<group>"; };
		112E9C531E4A1BC000F075DE /* Base */ = {isa = PBXFileReference; lastKnownFileType = file.storyboard; name = Base; path = Base.lproj/LaunchScreen.storyboard; sourceTree = "<group>"; };
		112E9C551E4A1BC000F075DE /* Info.plist */ = {isa = PBXFileReference; lastKnownFileType = text.plist.xml; path = Info.plist; sourceTree = "<group>"; };
		112E9C5B1E4A37A300F075DE /* CalcularViewController.swift */ = {isa = PBXFileReference; fileEncoding = 4; lastKnownFileType = sourcecode.swift; path = CalcularViewController.swift; sourceTree = "<group>"; };
		112E9C5D1E4A37ED00F075DE /* AvanceViewController.swift */ = {isa = PBXFileReference; fileEncoding = 4; lastKnownFileType = sourcecode.swift; path = AvanceViewController.swift; sourceTree = "<group>"; };
/* End PBXFileReference section */

/* Begin PBXFrameworksBuildPhase section */
		112E9C431E4A1BB600F075DE /* Frameworks */ = {
			isa = PBXFrameworksBuildPhase;
			buildActionMask = 2147483647;
			files = (
			);
			runOnlyForDeploymentPostprocessing = 0;
		};
/* End PBXFrameworksBuildPhase section */

/* Begin PBXGroup section */
		112E9C3D1E4A1BB500F075DE = {
			isa = PBXGroup;
			children = (
				112E9C481E4A1BBF00F075DE /* Tarea02 */,
				112E9C471E4A1BBD00F075DE /* Products */,
			);
			sourceTree = "<group>";
		};
		112E9C471E4A1BBD00F075DE /* Products */ = {
			isa = PBXGroup;
			children = (
				112E9C461E4A1BBD00F075DE /* Tarea02.app */,
			);
			name = Products;
			sourceTree = "<group>";
		};
		112E9C481E4A1BBF00F075DE /* Tarea02 */ = {
			isa = PBXGroup;
			children = (
				112E9C491E4A1BBF00F075DE /* AppDelegate.swift */,
				112E9C4B1E4A1BBF00F075DE /* ViewController.swift */,
				112E9C4D1E4A1BC000F075DE /* Main.storyboard */,
				112E9C501E4A1BC000F075DE /* Assets.xcassets */,
				112E9C521E4A1BC000F075DE /* LaunchScreen.storyboard */,
				112E9C551E4A1BC000F075DE /* Info.plist */,
				112E9C5B1E4A37A300F075DE /* CalcularViewController.swift */,
				112E9C5D1E4A37ED00F075DE /* AvanceViewController.swift */,
			);
			path = Tarea02;
			sourceTree = "<group>";
		};
/* End PBXGroup section */

/* Begin PBXNativeTarget section */
		112E9C451E4A1BB600F075DE /* Tarea02 */ = {
			isa = PBXNativeTarget;
			buildConfigurationList = 112E9C581E4A1BC000F075DE /* Build configuration list for PBXNativeTarget "Tarea02" */;
			buildPhases = (
				112E9C421E4A1BB600F075DE /* Sources */,
				112E9C431E4A1BB600F075DE /* Frameworks */,
				112E9C441E4A1BB600F075DE /* Resources */,
			);
			buildRules = (
			);
			dependencies = (
			);
			name = Tarea02;
			productName = Tarea02;
			productReference = 112E9C461E4A1BBD00F075DE /* Tarea02.app */;
			productType = "com.apple.product-type.application";
		};
/* End PBXNativeTarget section */

/* Begin PBXProject section */
		112E9C3E1E4A1BB500F075DE /* Project object */ = {
			isa = PBXProject;
			attributes = {
				LastSwiftUpdateCheck = 0820;
				LastUpgradeCheck = 0820;
				ORGANIZATIONNAME = alexanderchoy;
				TargetAttributes = {
					112E9C451E4A1BB600F075DE = {
						CreatedOnToolsVersion = 8.2.1;
						ProvisioningStyle = Automatic;
					};
				};
			};
			buildConfigurationList = 112E9C411E4A1BB500F075DE /* Build configuration list for PBXProject "Tarea02" */;
			compatibilityVersion = "Xcode 3.2";
			developmentRegion = English;
			hasScannedForEncodings = 0;
			knownRegions = (
				en,
				Base,
			);
			mainGroup = 112E9C3D1E4A1BB500F075DE;
			productRefGroup = 112E9C471E4A1BBD00F075DE /* Products */;
			projectDirPath = "";
			projectRoot = "";
			targets = (
				112E9C451E4A1BB600F075DE /* Tarea02 */,
			);
		};
/* End PBXProject section */

/* Begin PBXResourcesBuildPhase section */
		112E9C441E4A1BB600F075DE /* Resources */ = {
			isa = PBXResourcesBuildPhase;
			buildActionMask = 2147483647;
			files = (
				112E9C541E4A1BC000F075DE /* LaunchScreen.storyboard in Resources */,
				112E9C511E4A1BC000F075DE /* Assets.xcassets in Resources */,
				112E9C4F1E4A1BC000F075DE /* Main.storyboard in Resources */,
			);
			runOnlyForDeploymentPostprocessing = 0;
		};
/* End PBXResourcesBuildPhase section */

/* Begin PBXSourcesBuildPhase section */
		112E9C421E4A1BB600F075DE /* Sources */ = {
			isa = PBXSourcesBuildPhase;
			buildActionMask = 2147483647;
			files = (
				112E9C5C1E4A37A300F075DE /* CalcularViewController.swift in Sources */,
				112E9C4C1E4A1BBF00F075DE /* ViewController.swift in Sources */,
				112E9C5E1E4A37ED00F075DE /* AvanceViewController.swift in Sources */,
				112E9C4A1E4A1BBF00F075DE /* AppDelegate.swift in Sources */,
			);
			runOnlyForDeploymentPostprocessing = 0;
		};
/* End PBXSourcesBuildPhase section */

/* Begin PBXVariantGroup section */
		112E9C4D1E4A1BC000F075DE /* Main.storyboard */ = {
			isa = PBXVariantGroup;
			children = (
				112E9C4E1E4A1BC000F075DE /* Base */,
			);
			name = Main.storyboard;
			sourceTree = "<group>";
		};
		112E9C521E4A1BC000F075DE /* LaunchScreen.storyboard */ = {
			isa = PBXVariantGroup;
			children = (
				112E9C531E4A1BC000F075DE /* Base */,
			);
			name = LaunchScreen.storyboard;
			sourceTree = "<group>";
		};
/* End PBXVariantGroup section */

/* Begin XCBuildConfiguration section */
		112E9C561E4A1BC000F075DE /* Debug */ = {
			isa = XCBuildConfiguration;
			buildSettings = {
				ALWAYS_SEARCH_USER_PATHS = NO;
				CLANG_ANALYZER_NONNULL = YES;
				CLANG_CXX_LANGUAGE_STANDARD = "gnu++0x";
				CLANG_CXX_LIBRARY = "libc++";
				CLANG_ENABLE_MODULES = YES;
				CLANG_ENABLE_OBJC_ARC = YES;
				CLANG_WARN_BOOL_CONVERSION = YES;
				CLANG_WARN_CONSTANT_CONVERSION = YES;
				CLANG_WARN_DIRECT_OBJC_ISA_USAGE = YES_ERROR;
				CLANG_WARN_DOCUMENTATION_COMMENTS = YES;
				CLANG_WARN_EMPTY_BODY = YES;
				CLANG_WARN_ENUM_CONVERSION = YES;
				CLANG_WARN_INFINITE_RECURSION = YES;
				CLANG_WARN_INT_CONVERSION = YES;
				CLANG_WARN_OBJC_ROOT_CLASS = YES_ERROR;
				CLANG_WARN_SUSPICIOUS_MOVE = YES;
				CLANG_WARN_UNREACHABLE_CODE = YES;
				CLANG_WARN__DUPLICATE_METHOD_MATCH = YES;
				"CODE_SIGN_IDENTITY[sdk=iphoneos*]" = "iPhone Developer";
				COPY_PHASE_STRIP = NO;
				DEBUG_INFORMATION_FORMAT = dwarf;
				ENABLE_STRICT_OBJC_MSGSEND = YES;
				ENABLE_TESTABILITY = YES;
				GCC_C_LANGUAGE_STANDARD = gnu99;
				GCC_DYNAMIC_NO_PIC = NO;
				GCC_NO_COMMON_BLOCKS = YES;
				GCC_OPTIMIZATION_LEVEL = 0;
				GCC_PREPROCESSOR_DEFINITIONS = (
					"DEBUG=1",
					"$(inherited)",
				);
				GCC_WARN_64_TO_32_BIT_CONVERSION = YES;
				GCC_WARN_ABOUT_RETURN_TYPE = YES_ERROR;
				GCC_WARN_UNDECLARED_SELECTOR = YES;
				GCC_WARN_UNINITIALIZED_AUTOS = YES_AGGRESSIVE;
				GCC_WARN_UNUSED_FUNCTION = YES;
				GCC_WARN_UNUSED_VARIABLE = YES;
				IPHONEOS_DEPLOYMENT_TARGET = 10.2;
				MTL_ENABLE_DEBUG_INFO = YES;
				ONLY_ACTIVE_ARCH = YES;
				SDKROOT = iphoneos;
				SWIFT_ACTIVE_COMPILATION_CONDITIONS = DEBUG;
				SWIFT_OPTIMIZATION_LEVEL = "-Onone";
				TARGETED_DEVICE_FAMILY = "1,2";
			};
			name = Debug;
		};
		112E9C571E4A1BC000F075DE /* Release */ = {
			isa = XCBuildConfiguration;
			buildSettings = {
				ALWAYS_SEARCH_USER_PATHS = NO;
				CLANG_ANALYZER_NONNULL = YES;
				CLANG_CXX_LANGUAGE_STANDARD = "gnu++0x";
				CLANG_CXX_LIBRARY = "libc++";
				CLANG_ENABLE_MODULES = YES;
				CLANG_ENABLE_OBJC_ARC = YES;
				CLANG_WARN_BOOL_CONVERSION = YES;
				CLANG_WARN_CONSTANT_CONVERSION = YES;
				CLANG_WARN_DIRECT_OBJC_ISA_USAGE = YES_ERROR;
				CLANG_WARN_DOCUMENTATION_COMMENTS = YES;
				CLANG_WARN_EMPTY_BODY = YES;
				CLANG_WARN_ENUM_CONVERSION = YES;
				CLANG_WARN_INFINITE_RECURSION = YES;
				CLANG_WARN_INT_CONVERSION = YES;
				CLANG_WARN_OBJC_ROOT_CLASS = YES_ERROR;
				CLANG_WARN_SUSPICIOUS_MOVE = YES;
				CLANG_WARN_UNREACHABLE_CODE = YES;
				CLANG_WARN__DUPLICATE_METHOD_MATCH = YES;
				"CODE_SIGN_IDENTITY[sdk=iphoneos*]" = "iPhone Developer";
				COPY_PHASE_STRIP = NO;
				DEBUG_INFORMATION_FORMAT = "dwarf-with-dsym";
				ENABLE_NS_ASSERTIONS = NO;
				ENABLE_STRICT_OBJC_MSGSEND = YES;
				GCC_C_LANGUAGE_STANDARD = gnu99;
				GCC_NO_COMMON_BLOCKS = YES;
				GCC_WARN_64_TO_32_BIT_CONVERSION = YES;
				GCC_WARN_ABOUT_RETURN_TYPE = YES_ERROR;
				GCC_WARN_UNDECLARED_SELECTOR = YES;
				GCC_WARN_UNINITIALIZED_AUTOS = YES_AGGRESSIVE;
				GCC_WARN_UNUSED_FUNCTION = YES;
				GCC_WARN_UNUSED_VARIABLE = YES;
				IPHONEOS_DEPLOYMENT_TARGET = 10.2;
				MTL_ENABLE_DEBUG_INFO = NO;
				SDKROOT = iphoneos;
				SWIFT_OPTIMIZATION_LEVEL = "-Owholemodule";
				TARGETED_DEVICE_FAMILY = "1,2";
				VALIDATE_PRODUCT = YES;
			};
			name = Release;
		};
		112E9C591E4A1BC000F075DE /* Debug */ = {
			isa = XCBuildConfiguration;
			buildSettings = {
				ASSETCATALOG_COMPILER_APPICON_NAME = AppIcon;
				INFOPLIST_FILE = Tarea02/Info.plist;
				LD_RUNPATH_SEARCH_PATHS = "$(inherited) @executable_path/Frameworks";
				PRODUCT_BUNDLE_IDENTIFIER = com.alexanderchoy.Tarea02;
				PRODUCT_NAME = "$(TARGET_NAME)";
				SWIFT_VERSION = 3.0;
			};
			name = Debug;
		};
		112E9C5A1E4A1BC000F075DE /* Release */ = {
			isa = XCBuildConfiguration;
			buildSettings = {
				ASSETCATALOG_COMPILER_APPICON_NAME = AppIcon;
				INFOPLIST_FILE = Tarea02/Info.plist;
				LD_RUNPATH_SEARCH_PATHS = "$(inherited) @executable_path/Frameworks";
				PRODUCT_BUNDLE_IDENTIFIER = com.alexanderchoy.Tarea02;
				PRODUCT_NAME = "$(TARGET_NAME)";
				SWIFT_VERSION = 3.0;
			};
			name = Release;
		};
/* End XCBuildConfiguration section */

/* Begin XCConfigurationList section */
		112E9C411E4A1BB500F075DE /* Build configuration list for PBXProject "Tarea02" */ = {
			isa = XCConfigurationList;
			buildConfigurations = (
				112E9C561E4A1BC000F075DE /* Debug */,
				112E9C571E4A1BC000F075DE /* Release */,
			);
			defaultConfigurationIsVisible = 0;
			defaultConfigurationName = Release;
		};
		112E9C581E4A1BC000F075DE /* Build configuration list for PBXNativeTarget "Tarea02" */ = {
			isa = XCConfigurationList;
			buildConfigurations = (
				112E9C591E4A1BC000F075DE /* Debug */,
				112E9C5A1E4A1BC000F075DE /* Release */,
			);
			defaultConfigurationIsVisible = 0;
		};
/* End XCConfigurationList section */
	};
	rootObject = 112E9C3E1E4A1BB500F075DE /* Project object */;
}
